
Microsoft Visual Studio Solution File, Format Version 12.00
# Visual Studio Version 17
VisualStudioVersion = 17.5.33516.290
MinimumVisualStudioVersion = 10.0.40219.1
Project("{8BC9CEB8-8B4A-11D0-8D11-00A0C91BC942}") = "Dot", "Dot\Dot.vcxproj", "{D9665A60-0891-4DA0-BAE7-4D82C43062C4}"
EndProject
Project("{8BC9CEB8-8B4A-11D0-8D11-00A0C91BC942}") = "BattleEngine", "BattleEngine\BattleEngine.vcxproj", "{7935E0AD-30A6-47FE-9D9E-6649C57D26D3}"
EndProject
Project("{8BC9CEB8-8B4A-11D0-8D11-00A0C91BC942}") = "RandomActionDot", "RandomActionDot\RandomActionDot.vcxproj", "{DA4E387D-78AA-49C4-AD65-D38BA67B806C}"
EndProject
Global
	GlobalSection(SolutionConfigurationPlatforms) = preSolution
		Debug|x64 = Debug|x64
		Debug|x86 = Debug|x86
		Release|x64 = Release|x64
		Release|x86 = Release|x86
	EndGlobalSection
	GlobalSection(ProjectConfigurationPlatforms) = postSolution
		{D9665A60-0891-4DA0-BAE7-4D82C43062C4}.Debug|x64.ActiveCfg = Debug|x64
		{D9665A60-0891-4DA0-BAE7-4D82C43062C4}.Debug|x64.Build.0 = Debug|x64
		{D9665A60-0891-4DA0-BAE7-4D82C43062C4}.Debug|x86.ActiveCfg = Debug|Win32
		{D9665A60-0891-4DA0-BAE7-4D82C43062C4}.Debug|x86.Build.0 = Debug|Win32
		{D9665A60-0891-4DA0-BAE7-4D82C43062C4}.Release|x64.ActiveCfg = Release|x64
		{D9665A60-0891-4DA0-BAE7-4D82C43062C4}.Release|x64.Build.0 = Release|x64
		{D9665A60-0891-4DA0-BAE7-4D82C43062C4}.Release|x86.ActiveCfg = Release|Win32
		{D9665A60-0891-4DA0-BAE7-4D82C43062C4}.Release|x86.Build.0 = Release|Win32
		{7935E0AD-30A6-47FE-9D9E-6649C57D26D3}.Debug|x64.ActiveCfg = Debug|x64
		{7935E0AD-30A6-47FE-9D9E-6649C57D26D3}.Debug|x64.Build.0 = Debug|x64
		{7935E0AD-30A6-47FE-9D9E-6649C57D26D3}.Debug|x86.ActiveCfg = Debug|Win32
		{7935E0AD-30A6-47FE-9D9E-6649C57D26D3}.Debug|x86.Build.0 = Debug|Win32
		{7935E0AD-30A6-47FE-9D9E-6649C57D26D3}.Release|x64.ActiveCfg = Release|x64
		{7935E0AD-30A6-47FE-9D9E-6649C57D26D3}.Release|x64.Build.0 = Release|x64
		{7935E0AD-30A6-47FE-9D9E-6649C57D26D3}.Release|x86.ActiveCfg = Release|Win32
		{7935E0AD-30A6-47FE-9D9E-6649C57D26D3}.Release|x86.Build.0 = Release|Win32
		{DA4E387D-78AA-49C4-AD65-D38BA67B806C}.Debug|x64.ActiveCfg = Debug|x64
		{DA4E387D-78AA-49C4-AD65-D38BA67B806C}.Debug|x64.Build.0 = Debug|x64
		{DA4E387D-78AA-49C4-AD65-D38BA67B806C}.Debug|x86.ActiveCfg = Debug|Win32
		{DA4E387D-78AA-49C4-AD65-D38BA67B806C}.Debug|x86.Build.0 = Debug|Win32
		{DA4E387D-78AA-49C4-AD65-D38BA67B806C}.Release|x64.ActiveCfg = Release|x64
		{DA4E387D-78AA-49C4-AD65-D38BA67B806C}.Release|x64.Build.0 = Release|x64
		{DA4E387D-78AA-49C4-AD65-D38BA67B806C}.Release|x86.ActiveCfg = Release|Win32
		{DA4E387D-78AA-49C4-AD65-D38BA67B806C}.Release|x86.Build.0 = Release|Win32
	EndGlobalSection
	GlobalSection(SolutionProperties) = preSolution
		HideSolutionNode = FALSE
	EndGlobalSection
	GlobalSection(ExtensibilityGlobals) = postSolution
		SolutionGuid = {FADD2C23-ECD8-4497-9159-F7C73D81D421}
	EndGlobalSection
EndGlobal
