<?xml version="1.0" encoding="utf-8"?>
<Project ToolsVersion="4.0" xmlns="http://schemas.microsoft.com/developer/msbuild/2003">
  <ItemGroup>
    <Filter Include="Engine">
      <UniqueIdentifier>{69c7ef66-87f8-4d6d-9f1a-978e193761f1}</UniqueIdentifier>
    </Filter>
    <Filter Include="IO">
      <UniqueIdentifier>{561d91aa-44da-43ae-8714-f0cde78baece}</UniqueIdentifier>
    </Filter>
  </ItemGroup>
  <ItemGroup>
    <ClCompile Include="Screen.cpp">
      <Filter>IO</Filter>
    </ClCompile>
    <ClCompile Include="BattleEngine.cpp">
      <Filter>Engine</Filter>
    </ClCompile>
    <ClCompile Include="Board.cpp">
      <Filter>Engine</Filter>
    </ClCompile>
    <ClCompile Include="EmptyDot.cpp">
      <Filter>Engine</Filter>
    </ClCompile>
    <ClCompile Include="main.cpp" />
    <ClCompile Include="LoadPlayer.cpp">
      <Filter>Engine</Filter>
    </ClCompile>
  </ItemGroup>
  <ItemGroup>
    <ClInclude Include="EmptyDot.h">
      <Filter>Engine</Filter>
    </ClInclude>
    <ClInclude Include="BattleEngine.h">
      <Filter>Engine</Filter>
    </ClInclude>
    <ClInclude Include="Board.h">
      <Filter>Engine</Filter>
    </ClInclude>
    <ClInclude Include="Screen.h">
      <Filter>IO</Filter>
    </ClInclude>
    <ClInclude Include="EngineUtility.h">
      <Filter>Engine</Filter>
    </ClInclude>
    <ClInclude Include="LoadPlayer.h">
      <Filter>Engine</Filter>
    </ClInclude>
  </ItemGroup>
</Project>